{
  "requires": true,
  "lockfileVersion": 1,
  "dependencies": {
    "@hookform/resolvers": {
      "version": "2.8.8",
      "resolved": "https://registry.npmjs.org/@hookform/resolvers/-/resolvers-2.8.8.tgz",
      "integrity": "sha512-meAEDur1IJBfKyTo9yPYAuzjIfrxA7m9Ov+1nxaW/YupsqMeseWifoUjWK03+hz/RJizsVQAaUjVxFEkyu0GWg=="
    },
    "react-hook": {
      "version": "0.0.1",
      "resolved": "https://registry.npmjs.org/react-hook/-/react-hook-0.0.1.tgz",
      "integrity": "sha512-2/Guf88/dGyFgUT7QDtBJ1l7V5yqTcAHlNRIZNTu2xg0KkDjaiYZp79ah49NDaLMI/J7voWcKLU8wMONG4A/1g=="
    },
    "react-hook-form": {
      "version": "7.29.0",
      "resolved": "https://registry.npmjs.org/react-hook-form/-/react-hook-form-7.29.0.tgz",
      "integrity": "sha512-NcJqWRF6el5HMW30fqZRt27s+lorvlCCDbTpAyHoodQeYWXgQCvZJJQLC1kRMKdrJknVH0NIg3At6TUzlZJFOQ=="
    }
  }
}
